
Microsoft Visual Studio Solution File, Format Version 12.00
# Visual Studio Version 17
VisualStudioVersion = 17.7.34009.444
MinimumVisualStudioVersion = 10.0.40219.1
Project("{9A19103F-16F7-4668-BE54-9A1E7A4F7556}") = "D20Tek.Minimal.Domain", "src\D20Tek.Patterns.Domain\D20Tek.Minimal.Domain.csproj", "{0FC10C2C-2B8C-4699-BE33-CA363A97F6FC}"
EndProject
Project("{9A19103F-16F7-4668-BE54-9A1E7A4F7556}") = "D20Tek.Minimal.Domain.UnitTests", "tests\D20Tek.Patterns.Domain.UnitTests\D20Tek.Minimal.Domain.UnitTests.csproj", "{217F2BD3-5761-40FB-A90B-A95BD30B496F}"
EndProject
Project("{9A19103F-16F7-4668-BE54-9A1E7A4F7556}") = "Sample.Domain", "samples\Sample.Domain\Sample.Domain.csproj", "{9A1D8F9C-B408-40B2-8E79-D509EAF1B947}"
EndProject
Global
	GlobalSection(SolutionConfigurationPlatforms) = preSolution
		Debug|Any CPU = Debug|Any CPU
		Release|Any CPU = Release|Any CPU
	EndGlobalSection
	GlobalSection(ProjectConfigurationPlatforms) = postSolution
		{0FC10C2C-2B8C-4699-BE33-CA363A97F6FC}.Debug|Any CPU.ActiveCfg = Debug|Any CPU
		{0FC10C2C-2B8C-4699-BE33-CA363A97F6FC}.Debug|Any CPU.Build.0 = Debug|Any CPU
		{0FC10C2C-2B8C-4699-BE33-CA363A97F6FC}.Release|Any CPU.ActiveCfg = Release|Any CPU
		{0FC10C2C-2B8C-4699-BE33-CA363A97F6FC}.Release|Any CPU.Build.0 = Release|Any CPU
		{217F2BD3-5761-40FB-A90B-A95BD30B496F}.Debug|Any CPU.ActiveCfg = Debug|Any CPU
		{217F2BD3-5761-40FB-A90B-A95BD30B496F}.Debug|Any CPU.Build.0 = Debug|Any CPU
		{217F2BD3-5761-40FB-A90B-A95BD30B496F}.Release|Any CPU.ActiveCfg = Release|Any CPU
		{217F2BD3-5761-40FB-A90B-A95BD30B496F}.Release|Any CPU.Build.0 = Release|Any CPU
		{9A1D8F9C-B408-40B2-8E79-D509EAF1B947}.Debug|Any CPU.ActiveCfg = Debug|Any CPU
		{9A1D8F9C-B408-40B2-8E79-D509EAF1B947}.Debug|Any CPU.Build.0 = Debug|Any CPU
		{9A1D8F9C-B408-40B2-8E79-D509EAF1B947}.Release|Any CPU.ActiveCfg = Release|Any CPU
		{9A1D8F9C-B408-40B2-8E79-D509EAF1B947}.Release|Any CPU.Build.0 = Release|Any CPU
	EndGlobalSection
	GlobalSection(SolutionProperties) = preSolution
		HideSolutionNode = FALSE
	EndGlobalSection
	GlobalSection(ExtensibilityGlobals) = postSolution
		SolutionGuid = {4D2FBE28-EB1A-4A9D-A871-B45AD32CCBF4}
	EndGlobalSection
EndGlobal
